PODS:
  - FMDB (2.7.2):
    - FMDB/standard (= 2.7.2)
  - FMDB/standard (2.7.2)
  - FRDFangorn/BaseComponents/Cache (0.3.0):
    - FMDB (~> 2.5)
    - FRDFangorn/Core
    - YYCache (~> 1.0.4)
  - FRDFangorn/Core (0.3.0)
  - libextobjc/EXTScope (0.4.1):
    - libextobjc/RuntimeExtensions
  - libextobjc/RuntimeExtensions (0.4.1)
  - OpenCV (3.2.0):
    - OpenCV/Dynamic (= 3.2.0)
  - OpenCV/Dynamic (3.2.0)
  - Polymorph (1.0.7):
    - libextobjc/EXTScope (~> 0.4)
    - libextobjc/RuntimeExtensions (~> 0.4)
  - YYCache (1.0.4)

DEPENDENCIES:
  - FRDFangorn/BaseComponents/Cache (from `https://github.intra.douban.com/huangduyu/FRDFangorn.git`, commit `2c41032c5227957cb696909913188c3fcb8e751c`)
  - OpenCV
  - Polymorph (~> 1.0.7)

EXTERNAL SOURCES:
  FRDFangorn:
    :commit: 2c41032c5227957cb696909913188c3fcb8e751c
    :git: https://github.intra.douban.com/huangduyu/FRDFangorn.git

CHECKOUT OPTIONS:
  FRDFangorn:
    :commit: 2c41032c5227957cb696909913188c3fcb8e751c
    :git: https://github.intra.douban.com/huangduyu/FRDFangorn.git

SPEC CHECKSUMS:
  FMDB: 6198a90e7b6900cfc046e6bc0ef6ebb7be9236aa
  FRDFangorn: bb8309094553b76073fd86f37ec075de9ada893d
  libextobjc: a650fc1bf489a3d3a9bc2e621efa3e1006fc5471
  OpenCV: 0f7ab403d1e81769bc6f4f524c3c6928ecb1fdb8
  Polymorph: 57da1d8ec0253281721b805869c638241fe9166d
  YYCache: 8105b6638f5e849296c71f331ff83891a4942952

PODFILE CHECKSUM: 32d4fa15165da35b417e920131586f7b11dc237c

COCOAPODS: 1.4.0
