PODS:
  - libextobjc/EXTScope (0.4.1):
    - libextobjc/RuntimeExtensions
  - libextobjc/RuntimeExtensions (0.4.1)
  - OpenCV (3.2.0):
    - OpenCV/Dynamic (= 3.2.0)
  - OpenCV/Dynamic (3.2.0)
  - Polymorph (1.0.7):
    - libextobjc/EXTScope (~> 0.4)
    - libextobjc/RuntimeExtensions (~> 0.4)

DEPENDENCIES:
  - OpenCV
  - Polymorph (~> 1.0.7)

SPEC CHECKSUMS:
  libextobjc: a650fc1bf489a3d3a9bc2e621efa3e1006fc5471
  OpenCV: 0f7ab403d1e81769bc6f4f524c3c6928ecb1fdb8
  Polymorph: 57da1d8ec0253281721b805869c638241fe9166d

PODFILE CHECKSUM: b168d713bbe6832f5cfd747ec19d73f9f54c5593

COCOAPODS: 1.2.1
