// !$*UTF8*$!
{
	archiveVersion = 1;
	classes = {
	};
	objectVersion = 46;
	objects = {

/* Begin PBXBuildFile section */
		710DDFBA1F46B57800D52E6B /* URLEncode.swift in Sources */ = {isa = PBXBuildFile; fileRef = 710DDFB91F46B57800D52E6B /* URLEncode.swift */; };
		713BC5EB1F2B2C5C001E4D10 /* TestBlockObject.m in Sources */ = {isa = PBXBuildFile; fileRef = 713BC5EA1F2B2C5C001E4D10 /* TestBlockObject.m */; };
		715C51441F1C8DCF0049D1E9 /* TCommond.m in Sources */ = {isa = PBXBuildFile; fileRef = 715C51431F1C8DCF0049D1E9 /* TCommond.m */; };
		715C51461F1C8E730049D1E9 /* TestNullabilityViewController.swift in Sources */ = {isa = PBXBuildFile; fileRef = 715C51451F1C8E730049D1E9 /* TestNullabilityViewController.swift */; };
		7162AC8A1F0CB125006D3EA8 /* StringExtension.swift in Sources */ = {isa = PBXBuildFile; fileRef = 7162AC891F0CB125006D3EA8 /* StringExtension.swift */; };
		7162AC8C1F0CB198006D3EA8 /* TestSwift.swift in Sources */ = {isa = PBXBuildFile; fileRef = 7162AC8B1F0CB198006D3EA8 /* TestSwift.swift */; };
		71A6C6771EF1461900E13CA3 /* PresentingViewController.m in Sources */ = {isa = PBXBuildFile; fileRef = 71A6C6761EF1461900E13CA3 /* PresentingViewController.m */; };
		71B12A2A1EE1063500622A2E /* main.m in Sources */ = {isa = PBXBuildFile; fileRef = 71B12A291EE1063500622A2E /* main.m */; };
		71B12A2D1EE1063500622A2E /* AppDelegate.m in Sources */ = {isa = PBXBuildFile; fileRef = 71B12A2C1EE1063500622A2E /* AppDelegate.m */; };
		71B12A301EE1063500622A2E /* ViewController.m in Sources */ = {isa = PBXBuildFile; fileRef = 71B12A2F1EE1063500622A2E /* ViewController.m */; };
		71B12A331EE1063500622A2E /* Main.storyboard in Resources */ = {isa = PBXBuildFile; fileRef = 71B12A311EE1063500622A2E /* Main.storyboard */; };
		71B12A351EE1063500622A2E /* Assets.xcassets in Resources */ = {isa = PBXBuildFile; fileRef = 71B12A341EE1063500622A2E /* Assets.xcassets */; };
		71B12A381EE1063500622A2E /* LaunchScreen.storyboard in Resources */ = {isa = PBXBuildFile; fileRef = 71B12A361EE1063500622A2E /* LaunchScreen.storyboard */; };
		71B12A431EE1063500622A2E /* Test1Tests.m in Sources */ = {isa = PBXBuildFile; fileRef = 71B12A421EE1063500622A2E /* Test1Tests.m */; };
		71B12A4E1EE1063500622A2E /* Test1UITests.m in Sources */ = {isa = PBXBuildFile; fileRef = 71B12A4D1EE1063500622A2E /* Test1UITests.m */; };
		71B12A5D1EE1065C00622A2E /* TestExtension.m in Sources */ = {isa = PBXBuildFile; fileRef = 71B12A5C1EE1065C00622A2E /* TestExtension.m */; };
		71B12A601EE1067000622A2E /* SubTestExtension.m in Sources */ = {isa = PBXBuildFile; fileRef = 71B12A5F1EE1067000622A2E /* SubTestExtension.m */; };
		CE6F013C78DA7BD3191780A2 /* Pods_Test1.framework in Frameworks */ = {isa = PBXBuildFile; fileRef = 67DA90C7545F2E1346534BBD /* Pods_Test1.framework */; };
/* End PBXBuildFile section */

/* Begin PBXContainerItemProxy section */
		71B12A3F1EE1063500622A2E /* PBXContainerItemProxy */ = {
			isa = PBXContainerItemProxy;
			containerPortal = 71B12A1D1EE1063500622A2E /* Project object */;
			proxyType = 1;
			remoteGlobalIDString = 71B12A241EE1063500622A2E;
			remoteInfo = Test1;
		};
		71B12A4A1EE1063500622A2E /* PBXContainerItemProxy */ = {
			isa = PBXContainerItemProxy;
			containerPortal = 71B12A1D1EE1063500622A2E /* Project object */;
			proxyType = 1;
			remoteGlobalIDString = 71B12A241EE1063500622A2E;
			remoteInfo = Test1;
		};
/* End PBXContainerItemProxy section */

/* Begin PBXFileReference section */
		2B196A6A4C883D8921DFB36F /* Pods-Test1.debug.xcconfig */ = {isa = PBXFileReference; includeInIndex = 1; lastKnownFileType = text.xcconfig; name = "Pods-Test1.debug.xcconfig"; path = "Pods/Target Support Files/Pods-Test1/Pods-Test1.debug.xcconfig"; sourceTree = "<group>"; };
		675C5B5673DC0EAD1F08A458 /* Pods-Test1.release.xcconfig */ = {isa = PBXFileReference; includeInIndex = 1; lastKnownFileType = text.xcconfig; name = "Pods-Test1.release.xcconfig"; path = "Pods/Target Support Files/Pods-Test1/Pods-Test1.release.xcconfig"; sourceTree = "<group>"; };
		67DA90C7545F2E1346534BBD /* Pods_Test1.framework */ = {isa = PBXFileReference; explicitFileType = wrapper.framework; includeInIndex = 0; path = Pods_Test1.framework; sourceTree = BUILT_PRODUCTS_DIR; };
		710DDFB91F46B57800D52E6B /* URLEncode.swift */ = {isa = PBXFileReference; fileEncoding = 4; lastKnownFileType = sourcecode.swift; path = URLEncode.swift; sourceTree = "<group>"; };
		713BC5E91F2B2C5C001E4D10 /* TestBlockObject.h */ = {isa = PBXFileReference; fileEncoding = 4; lastKnownFileType = sourcecode.c.h; path = TestBlockObject.h; sourceTree = "<group>"; };
		713BC5EA1F2B2C5C001E4D10 /* TestBlockObject.m */ = {isa = PBXFileReference; fileEncoding = 4; lastKnownFileType = sourcecode.c.objc; path = TestBlockObject.m; sourceTree = "<group>"; };
		715C51421F1C8DCF0049D1E9 /* TCommond.h */ = {isa = PBXFileReference; lastKnownFileType = sourcecode.c.h; path = TCommond.h; sourceTree = "<group>"; };
		715C51431F1C8DCF0049D1E9 /* TCommond.m */ = {isa = PBXFileReference; lastKnownFileType = sourcecode.c.objc; path = TCommond.m; sourceTree = "<group>"; };
		715C51451F1C8E730049D1E9 /* TestNullabilityViewController.swift */ = {isa = PBXFileReference; lastKnownFileType = sourcecode.swift; path = TestNullabilityViewController.swift; sourceTree = "<group>"; };
		7162AC881F0CB124006D3EA8 /* Test1-Bridging-Header.h */ = {isa = PBXFileReference; lastKnownFileType = sourcecode.c.h; path = "Test1-Bridging-Header.h"; sourceTree = "<group>"; };
		7162AC891F0CB125006D3EA8 /* StringExtension.swift */ = {isa = PBXFileReference; fileEncoding = 4; lastKnownFileType = sourcecode.swift; path = StringExtension.swift; sourceTree = "<group>"; };
		7162AC8B1F0CB198006D3EA8 /* TestSwift.swift */ = {isa = PBXFileReference; fileEncoding = 4; lastKnownFileType = sourcecode.swift; path = TestSwift.swift; sourceTree = "<group>"; };
		71A6C6751EF1461900E13CA3 /* PresentingViewController.h */ = {isa = PBXFileReference; fileEncoding = 4; lastKnownFileType = sourcecode.c.h; path = PresentingViewController.h; sourceTree = "<group>"; };
		71A6C6761EF1461900E13CA3 /* PresentingViewController.m */ = {isa = PBXFileReference; fileEncoding = 4; lastKnownFileType = sourcecode.c.objc; path = PresentingViewController.m; sourceTree = "<group>"; };
		71B12A251EE1063500622A2E /* Test1.app */ = {isa = PBXFileReference; explicitFileType = wrapper.application; includeInIndex = 0; path = Test1.app; sourceTree = BUILT_PRODUCTS_DIR; };
		71B12A291EE1063500622A2E /* main.m */ = {isa = PBXFileReference; lastKnownFileType = sourcecode.c.objc; path = main.m; sourceTree = "<group>"; };
		71B12A2B1EE1063500622A2E /* AppDelegate.h */ = {isa = PBXFileReference; lastKnownFileType = sourcecode.c.h; path = AppDelegate.h; sourceTree = "<group>"; };
		71B12A2C1EE1063500622A2E /* AppDelegate.m */ = {isa = PBXFileReference; lastKnownFileType = sourcecode.c.objc; path = AppDelegate.m; sourceTree = "<group>"; };
		71B12A2E1EE1063500622A2E /* ViewController.h */ = {isa = PBXFileReference; lastKnownFileType = sourcecode.c.h; path = ViewController.h; sourceTree = "<group>"; };
		71B12A2F1EE1063500622A2E /* ViewController.m */ = {isa = PBXFileReference; lastKnownFileType = sourcecode.c.objc; path = ViewController.m; sourceTree = "<group>"; };
		71B12A321EE1063500622A2E /* Base */ = {isa = PBXFileReference; lastKnownFileType = file.storyboard; name = Base; path = Base.lproj/Main.storyboard; sourceTree = "<group>"; };
		71B12A341EE1063500622A2E /* Assets.xcassets */ = {isa = PBXFileReference; lastKnownFileType = folder.assetcatalog; path = Assets.xcassets; sourceTree = "<group>"; };
		71B12A371EE1063500622A2E /* Base */ = {isa = PBXFileReference; lastKnownFileType = file.storyboard; name = Base; path = Base.lproj/LaunchScreen.storyboard; sourceTree = "<group>"; };
		71B12A391EE1063500622A2E /* Info.plist */ = {isa = PBXFileReference; lastKnownFileType = text.plist.xml; path = Info.plist; sourceTree = "<group>"; };
		71B12A3E1EE1063500622A2E /* Test1Tests.xctest */ = {isa = PBXFileReference; explicitFileType = wrapper.cfbundle; includeInIndex = 0; path = Test1Tests.xctest; sourceTree = BUILT_PRODUCTS_DIR; };
		71B12A421EE1063500622A2E /* Test1Tests.m */ = {isa = PBXFileReference; lastKnownFileType = sourcecode.c.objc; path = Test1Tests.m; sourceTree = "<group>"; };
		71B12A441EE1063500622A2E /* Info.plist */ = {isa = PBXFileReference; lastKnownFileType = text.plist.xml; path = Info.plist; sourceTree = "<group>"; };
		71B12A491EE1063500622A2E /* Test1UITests.xctest */ = {isa = PBXFileReference; explicitFileType = wrapper.cfbundle; includeInIndex = 0; path = Test1UITests.xctest; sourceTree = BUILT_PRODUCTS_DIR; };
		71B12A4D1EE1063500622A2E /* Test1UITests.m */ = {isa = PBXFileReference; lastKnownFileType = sourcecode.c.objc; path = Test1UITests.m; sourceTree = "<group>"; };
		71B12A4F1EE1063500622A2E /* Info.plist */ = {isa = PBXFileReference; lastKnownFileType = text.plist.xml; path = Info.plist; sourceTree = "<group>"; };
		71B12A5B1EE1065C00622A2E /* TestExtension.h */ = {isa = PBXFileReference; fileEncoding = 4; lastKnownFileType = sourcecode.c.h; path = TestExtension.h; sourceTree = "<group>"; };
		71B12A5C1EE1065C00622A2E /* TestExtension.m */ = {isa = PBXFileReference; fileEncoding = 4; lastKnownFileType = sourcecode.c.objc; path = TestExtension.m; sourceTree = "<group>"; };
		71B12A5E1EE1067000622A2E /* SubTestExtension.h */ = {isa = PBXFileReference; fileEncoding = 4; lastKnownFileType = sourcecode.c.h; path = SubTestExtension.h; sourceTree = "<group>"; };
		71B12A5F1EE1067000622A2E /* SubTestExtension.m */ = {isa = PBXFileReference; fileEncoding = 4; lastKnownFileType = sourcecode.c.objc; path = SubTestExtension.m; sourceTree = "<group>"; };
/* End PBXFileReference section */

/* Begin PBXFrameworksBuildPhase section */
		71B12A221EE1063500622A2E /* Frameworks */ = {
			isa = PBXFrameworksBuildPhase;
			buildActionMask = 2147483647;
			files = (
				CE6F013C78DA7BD3191780A2 /* Pods_Test1.framework in Frameworks */,
			);
			runOnlyForDeploymentPostprocessing = 0;
		};
		71B12A3B1EE1063500622A2E /* Frameworks */ = {
			isa = PBXFrameworksBuildPhase;
			buildActionMask = 2147483647;
			files = (
			);
			runOnlyForDeploymentPostprocessing = 0;
		};
		71B12A461EE1063500622A2E /* Frameworks */ = {
			isa = PBXFrameworksBuildPhase;
			buildActionMask = 2147483647;
			files = (
			);
			runOnlyForDeploymentPostprocessing = 0;
		};
/* End PBXFrameworksBuildPhase section */

/* Begin PBXGroup section */
		064756FE6992A7DBF7BEDFA3 /* Pods */ = {
			isa = PBXGroup;
			children = (
				2B196A6A4C883D8921DFB36F /* Pods-Test1.debug.xcconfig */,
				675C5B5673DC0EAD1F08A458 /* Pods-Test1.release.xcconfig */,
			);
			name = Pods;
			sourceTree = "<group>";
		};
		71B12A1C1EE1063500622A2E = {
			isa = PBXGroup;
			children = (
				71B12A271EE1063500622A2E /* Test1 */,
				71B12A411EE1063500622A2E /* Test1Tests */,
				71B12A4C1EE1063500622A2E /* Test1UITests */,
				71B12A261EE1063500622A2E /* Products */,
				064756FE6992A7DBF7BEDFA3 /* Pods */,
				BAB960DDB8A8D24E957F227C /* Frameworks */,
			);
			sourceTree = "<group>";
		};
		71B12A261EE1063500622A2E /* Products */ = {
			isa = PBXGroup;
			children = (
				71B12A251EE1063500622A2E /* Test1.app */,
				71B12A3E1EE1063500622A2E /* Test1Tests.xctest */,
				71B12A491EE1063500622A2E /* Test1UITests.xctest */,
			);
			name = Products;
			sourceTree = "<group>";
		};
		71B12A271EE1063500622A2E /* Test1 */ = {
			isa = PBXGroup;
			children = (
				71B12A2B1EE1063500622A2E /* AppDelegate.h */,
				71B12A2C1EE1063500622A2E /* AppDelegate.m */,
				71B12A2E1EE1063500622A2E /* ViewController.h */,
				71B12A2F1EE1063500622A2E /* ViewController.m */,
				71B12A311EE1063500622A2E /* Main.storyboard */,
				71B12A341EE1063500622A2E /* Assets.xcassets */,
				71B12A361EE1063500622A2E /* LaunchScreen.storyboard */,
				71B12A391EE1063500622A2E /* Info.plist */,
				71B12A281EE1063500622A2E /* Supporting Files */,
				71B12A5B1EE1065C00622A2E /* TestExtension.h */,
				71B12A5C1EE1065C00622A2E /* TestExtension.m */,
				71B12A5E1EE1067000622A2E /* SubTestExtension.h */,
				71B12A5F1EE1067000622A2E /* SubTestExtension.m */,
				71A6C6751EF1461900E13CA3 /* PresentingViewController.h */,
				71A6C6761EF1461900E13CA3 /* PresentingViewController.m */,
				7162AC891F0CB125006D3EA8 /* StringExtension.swift */,
				7162AC8B1F0CB198006D3EA8 /* TestSwift.swift */,
				7162AC881F0CB124006D3EA8 /* Test1-Bridging-Header.h */,
				715C51421F1C8DCF0049D1E9 /* TCommond.h */,
				715C51431F1C8DCF0049D1E9 /* TCommond.m */,
				715C51451F1C8E730049D1E9 /* TestNullabilityViewController.swift */,
				713BC5E91F2B2C5C001E4D10 /* TestBlockObject.h */,
				713BC5EA1F2B2C5C001E4D10 /* TestBlockObject.m */,
				710DDFB91F46B57800D52E6B /* URLEncode.swift */,
			);
			path = Test1;
			sourceTree = "<group>";
		};
		71B12A281EE1063500622A2E /* Supporting Files */ = {
			isa = PBXGroup;
			children = (
				71B12A291EE1063500622A2E /* main.m */,
			);
			name = "Supporting Files";
			sourceTree = "<group>";
		};
		71B12A411EE1063500622A2E /* Test1Tests */ = {
			isa = PBXGroup;
			children = (
				71B12A421EE1063500622A2E /* Test1Tests.m */,
				71B12A441EE1063500622A2E /* Info.plist */,
			);
			path = Test1Tests;
			sourceTree = "<group>";
		};
		71B12A4C1EE1063500622A2E /* Test1UITests */ = {
			isa = PBXGroup;
			children = (
				71B12A4D1EE1063500622A2E /* Test1UITests.m */,
				71B12A4F1EE1063500622A2E /* Info.plist */,
			);
			path = Test1UITests;
			sourceTree = "<group>";
		};
		BAB960DDB8A8D24E957F227C /* Frameworks */ = {
			isa = PBXGroup;
			children = (
				67DA90C7545F2E1346534BBD /* Pods_Test1.framework */,
			);
			name = Frameworks;
			sourceTree = "<group>";
		};
/* End PBXGroup section */

/* Begin PBXNativeTarget section */
		71B12A241EE1063500622A2E /* Test1 */ = {
			isa = PBXNativeTarget;
			buildConfigurationList = 71B12A521EE1063500622A2E /* Build configuration list for PBXNativeTarget "Test1" */;
			buildPhases = (
				38E57A59119ACA7B930E447B /* [CP] Check Pods Manifest.lock */,
				71B12A211EE1063500622A2E /* Sources */,
				71B12A221EE1063500622A2E /* Frameworks */,
				71B12A231EE1063500622A2E /* Resources */,
				7F672E545B5873838AD30407 /* [CP] Embed Pods Frameworks */,
				6E4BE1FFD01E5BA23AC97EA5 /* [CP] Copy Pods Resources */,
			);
			buildRules = (
			);
			dependencies = (
			);
			name = Test1;
			productName = Test1;
			productReference = 71B12A251EE1063500622A2E /* Test1.app */;
			productType = "com.apple.product-type.application";
		};
		71B12A3D1EE1063500622A2E /* Test1Tests */ = {
			isa = PBXNativeTarget;
			buildConfigurationList = 71B12A551EE1063500622A2E /* Build configuration list for PBXNativeTarget "Test1Tests" */;
			buildPhases = (
				71B12A3A1EE1063500622A2E /* Sources */,
				71B12A3B1EE1063500622A2E /* Frameworks */,
				71B12A3C1EE1063500622A2E /* Resources */,
			);
			buildRules = (
			);
			dependencies = (
				71B12A401EE1063500622A2E /* PBXTargetDependency */,
			);
			name = Test1Tests;
			productName = Test1Tests;
			productReference = 71B12A3E1EE1063500622A2E /* Test1Tests.xctest */;
			productType = "com.apple.product-type.bundle.unit-test";
		};
		71B12A481EE1063500622A2E /* Test1UITests */ = {
			isa = PBXNativeTarget;
			buildConfigurationList = 71B12A581EE1063500622A2E /* Build configuration list for PBXNativeTarget "Test1UITests" */;
			buildPhases = (
				71B12A451EE1063500622A2E /* Sources */,
				71B12A461EE1063500622A2E /* Frameworks */,
				71B12A471EE1063500622A2E /* Resources */,
			);
			buildRules = (
			);
			dependencies = (
				71B12A4B1EE1063500622A2E /* PBXTargetDependency */,
			);
			name = Test1UITests;
			productName = Test1UITests;
			productReference = 71B12A491EE1063500622A2E /* Test1UITests.xctest */;
			productType = "com.apple.product-type.bundle.ui-testing";
		};
/* End PBXNativeTarget section */

/* Begin PBXProject section */
		71B12A1D1EE1063500622A2E /* Project object */ = {
			isa = PBXProject;
			attributes = {
				LastUpgradeCheck = 0830;
				ORGANIZATIONNAME = huangduyu;
				TargetAttributes = {
					71B12A241EE1063500622A2E = {
						CreatedOnToolsVersion = 8.3.2;
						DevelopmentTeam = 5DS6P2KWFQ;
						LastSwiftMigration = 0830;
						ProvisioningStyle = Automatic;
					};
					71B12A3D1EE1063500622A2E = {
						CreatedOnToolsVersion = 8.3.2;
						DevelopmentTeam = V92MEYS6M8;
						ProvisioningStyle = Automatic;
						TestTargetID = 71B12A241EE1063500622A2E;
					};
					71B12A481EE1063500622A2E = {
						CreatedOnToolsVersion = 8.3.2;
						DevelopmentTeam = V92MEYS6M8;
						ProvisioningStyle = Automatic;
						TestTargetID = 71B12A241EE1063500622A2E;
					};
				};
			};
			buildConfigurationList = 71B12A201EE1063500622A2E /* Build configuration list for PBXProject "Test1" */;
			compatibilityVersion = "Xcode 3.2";
			developmentRegion = English;
			hasScannedForEncodings = 0;
			knownRegions = (
				en,
				Base,
			);
			mainGroup = 71B12A1C1EE1063500622A2E;
			productRefGroup = 71B12A261EE1063500622A2E /* Products */;
			projectDirPath = "";
			projectRoot = "";
			targets = (
				71B12A241EE1063500622A2E /* Test1 */,
				71B12A3D1EE1063500622A2E /* Test1Tests */,
				71B12A481EE1063500622A2E /* Test1UITests */,
			);
		};
/* End PBXProject section */

/* Begin PBXResourcesBuildPhase section */
		71B12A231EE1063500622A2E /* Resources */ = {
			isa = PBXResourcesBuildPhase;
			buildActionMask = 2147483647;
			files = (
				71B12A381EE1063500622A2E /* LaunchScreen.storyboard in Resources */,
				71B12A351EE1063500622A2E /* Assets.xcassets in Resources */,
				71B12A331EE1063500622A2E /* Main.storyboard in Resources */,
			);
			runOnlyForDeploymentPostprocessing = 0;
		};
		71B12A3C1EE1063500622A2E /* Resources */ = {
			isa = PBXResourcesBuildPhase;
			buildActionMask = 2147483647;
			files = (
			);
			runOnlyForDeploymentPostprocessing = 0;
		};
		71B12A471EE1063500622A2E /* Resources */ = {
			isa = PBXResourcesBuildPhase;
			buildActionMask = 2147483647;
			files = (
			);
			runOnlyForDeploymentPostprocessing = 0;
		};
/* End PBXResourcesBuildPhase section */

/* Begin PBXShellScriptBuildPhase section */
		38E57A59119ACA7B930E447B /* [CP] Check Pods Manifest.lock */ = {
			isa = PBXShellScriptBuildPhase;
			buildActionMask = 2147483647;
			files = (
			);
			inputPaths = (
				"${PODS_PODFILE_DIR_PATH}/Podfile.lock",
				"${PODS_ROOT}/Manifest.lock",
			);
			name = "[CP] Check Pods Manifest.lock";
			outputPaths = (
				"$(DERIVED_FILE_DIR)/Pods-Test1-checkManifestLockResult.txt",
			);
			runOnlyForDeploymentPostprocessing = 0;
			shellPath = /bin/sh;
			shellScript = "diff \"${PODS_PODFILE_DIR_PATH}/Podfile.lock\" \"${PODS_ROOT}/Manifest.lock\" > /dev/null\nif [ $? != 0 ] ; then\n    # print error to STDERR\n    echo \"error: The sandbox is not in sync with the Podfile.lock. Run 'pod install' or update your CocoaPods installation.\" >&2\n    exit 1\nfi\n# This output is used by Xcode 'outputs' to avoid re-running this script phase.\necho \"SUCCESS\" > \"${SCRIPT_OUTPUT_FILE_0}\"\n";
			showEnvVarsInLog = 0;
		};
		6E4BE1FFD01E5BA23AC97EA5 /* [CP] Copy Pods Resources */ = {
			isa = PBXShellScriptBuildPhase;
			buildActionMask = 2147483647;
			files = (
			);
			inputPaths = (
			);
			name = "[CP] Copy Pods Resources";
			outputPaths = (
			);
			runOnlyForDeploymentPostprocessing = 0;
			shellPath = /bin/sh;
			shellScript = "\"${SRCROOT}/Pods/Target Support Files/Pods-Test1/Pods-Test1-resources.sh\"\n";
			showEnvVarsInLog = 0;
		};
		7F672E545B5873838AD30407 /* [CP] Embed Pods Frameworks */ = {
			isa = PBXShellScriptBuildPhase;
			buildActionMask = 2147483647;
			files = (
			);
			inputPaths = (
				"${SRCROOT}/Pods/Target Support Files/Pods-Test1/Pods-Test1-frameworks.sh",
				"${BUILT_PRODUCTS_DIR}/AFNetworking/AFNetworking.framework",
				"${BUILT_PRODUCTS_DIR}/APIKit/APIKit.framework",
				"${BUILT_PRODUCTS_DIR}/AmonsulIOS/AmonsulIOS.framework",
				"${BUILT_PRODUCTS_DIR}/BlocksKit/BlocksKit.framework",
				"${BUILT_PRODUCTS_DIR}/CocoaLumberjack/CocoaLumberjack.framework",
				"${BUILT_PRODUCTS_DIR}/DOUEmoji/DOUEmoji.framework",
				"${BUILT_PRODUCTS_DIR}/DOUFoundation/DOUFoundation.framework",
				"${BUILT_PRODUCTS_DIR}/DOUSNSSharingDoubanInternal/DOUSNSSharing.framework",
				"${BUILT_PRODUCTS_DIR}/DOUUserManager/DOUUserManager.framework",
				"${BUILT_PRODUCTS_DIR}/DeviceKit/DeviceKit.framework",
				"${BUILT_PRODUCTS_DIR}/DeviceUtils/DeviceUtils.framework",
				"${BUILT_PRODUCTS_DIR}/DoubanObjCClient/DoubanObjCClient.framework",
				"${BUILT_PRODUCTS_DIR}/FLAnimatedImage-DoubanInternal/FLAnimatedImage_DoubanInternal.framework",
				"${BUILT_PRODUCTS_DIR}/FMDB/FMDB.framework",
				"${BUILT_PRODUCTS_DIR}/FRDCryptology/FRDCryptology.framework",
				"${BUILT_PRODUCTS_DIR}/FRDFangorn/FRDFangorn.framework",
				"${BUILT_PRODUCTS_DIR}/FRDIntent/FRDIntent.framework",
				"${BUILT_PRODUCTS_DIR}/FRDNetwork/FRDNetwork.framework",
				"${BUILT_PRODUCTS_DIR}/FRDToast/FRDToast.framework",
				"${BUILT_PRODUCTS_DIR}/FSQCollectionViewAlignedLayout/FSQCollectionViewAlignedLayout.framework",
				"${BUILT_PRODUCTS_DIR}/FormatterKit/FormatterKit.framework",
				"${BUILT_PRODUCTS_DIR}/Himotoki/Himotoki.framework",
				"${BUILT_PRODUCTS_DIR}/JRSwizzle/JRSwizzle.framework",
				"${BUILT_PRODUCTS_DIR}/MQTTClientDoubanInternal/MQTTClient.framework",
				"${BUILT_PRODUCTS_DIR}/NMPEditor/NMPEditor.framework",
				"${BUILT_PRODUCTS_DIR}/OpenCV/opencv2.framework",
				"${BUILT_PRODUCTS_DIR}/Polymorph/Polymorph.framework",
				"${BUILT_PRODUCTS_DIR}/PureLayout/PureLayout.framework",
				"${BUILT_PRODUCTS_DIR}/Reachability-DoubanInternal/Reachability_DoubanInternal.framework",
				"${BUILT_PRODUCTS_DIR}/ReactiveObjC/ReactiveObjC.framework",
				"${BUILT_PRODUCTS_DIR}/Result/Result.framework",
				"${BUILT_PRODUCTS_DIR}/Rexxar/Rexxar.framework",
				"${BUILT_PRODUCTS_DIR}/SAMKeychain/SAMKeychain.framework",
				"${BUILT_PRODUCTS_DIR}/SDWebImage/SDWebImage.framework",
				"${BUILT_PRODUCTS_DIR}/SZTextView/SZTextView.framework",
				"${BUILT_PRODUCTS_DIR}/TTTAttributedLabel/TTTAttributedLabel.framework",
				"${BUILT_PRODUCTS_DIR}/VIMediaCache/VIMediaCache.framework",
				"${BUILT_PRODUCTS_DIR}/YAUIKit/YAUIKit.framework",
				"${BUILT_PRODUCTS_DIR}/YYCache/YYCache.framework",
				"${BUILT_PRODUCTS_DIR}/libextobjc/libextobjc.framework",
				"${BUILT_PRODUCTS_DIR}/libwebp/libwebp.framework",
				"${BUILT_PRODUCTS_DIR}/lottie-ios/Lottie.framework",
			);
			name = "[CP] Embed Pods Frameworks";
			outputPaths = (
				"${TARGET_BUILD_DIR}/${FRAMEWORKS_FOLDER_PATH}/AFNetworking.framework",
				"${TARGET_BUILD_DIR}/${FRAMEWORKS_FOLDER_PATH}/APIKit.framework",
				"${TARGET_BUILD_DIR}/${FRAMEWORKS_FOLDER_PATH}/AmonsulIOS.framework",
				"${TARGET_BUILD_DIR}/${FRAMEWORKS_FOLDER_PATH}/BlocksKit.framework",
				"${TARGET_BUILD_DIR}/${FRAMEWORKS_FOLDER_PATH}/CocoaLumberjack.framework",
				"${TARGET_BUILD_DIR}/${FRAMEWORKS_FOLDER_PATH}/DOUEmoji.framework",
				"${TARGET_BUILD_DIR}/${FRAMEWORKS_FOLDER_PATH}/DOUFoundation.framework",
				"${TARGET_BUILD_DIR}/${FRAMEWORKS_FOLDER_PATH}/DOUSNSSharing.framework",
				"${TARGET_BUILD_DIR}/${FRAMEWORKS_FOLDER_PATH}/DOUUserManager.framework",
				"${TARGET_BUILD_DIR}/${FRAMEWORKS_FOLDER_PATH}/DeviceKit.framework",
				"${TARGET_BUILD_DIR}/${FRAMEWORKS_FOLDER_PATH}/DeviceUtils.framework",
				"${TARGET_BUILD_DIR}/${FRAMEWORKS_FOLDER_PATH}/DoubanObjCClient.framework",
				"${TARGET_BUILD_DIR}/${FRAMEWORKS_FOLDER_PATH}/FLAnimatedImage_DoubanInternal.framework",
				"${TARGET_BUILD_DIR}/${FRAMEWORKS_FOLDER_PATH}/FMDB.framework",
				"${TARGET_BUILD_DIR}/${FRAMEWORKS_FOLDER_PATH}/FRDCryptology.framework",
				"${TARGET_BUILD_DIR}/${FRAMEWORKS_FOLDER_PATH}/FRDFangorn.framework",
				"${TARGET_BUILD_DIR}/${FRAMEWORKS_FOLDER_PATH}/FRDIntent.framework",
				"${TARGET_BUILD_DIR}/${FRAMEWORKS_FOLDER_PATH}/FRDNetwork.framework",
				"${TARGET_BUILD_DIR}/${FRAMEWORKS_FOLDER_PATH}/FRDToast.framework",
				"${TARGET_BUILD_DIR}/${FRAMEWORKS_FOLDER_PATH}/FSQCollectionViewAlignedLayout.framework",
				"${TARGET_BUILD_DIR}/${FRAMEWORKS_FOLDER_PATH}/FormatterKit.framework",
				"${TARGET_BUILD_DIR}/${FRAMEWORKS_FOLDER_PATH}/Himotoki.framework",
				"${TARGET_BUILD_DIR}/${FRAMEWORKS_FOLDER_PATH}/JRSwizzle.framework",
				"${TARGET_BUILD_DIR}/${FRAMEWORKS_FOLDER_PATH}/MQTTClient.framework",
				"${TARGET_BUILD_DIR}/${FRAMEWORKS_FOLDER_PATH}/NMPEditor.framework",
				"${TARGET_BUILD_DIR}/${FRAMEWORKS_FOLDER_PATH}/opencv2.framework",
				"${TARGET_BUILD_DIR}/${FRAMEWORKS_FOLDER_PATH}/Polymorph.framework",
				"${TARGET_BUILD_DIR}/${FRAMEWORKS_FOLDER_PATH}/PureLayout.framework",
				"${TARGET_BUILD_DIR}/${FRAMEWORKS_FOLDER_PATH}/Reachability_DoubanInternal.framework",
				"${TARGET_BUILD_DIR}/${FRAMEWORKS_FOLDER_PATH}/ReactiveObjC.framework",
				"${TARGET_BUILD_DIR}/${FRAMEWORKS_FOLDER_PATH}/Result.framework",
				"${TARGET_BUILD_DIR}/${FRAMEWORKS_FOLDER_PATH}/Rexxar.framework",
				"${TARGET_BUILD_DIR}/${FRAMEWORKS_FOLDER_PATH}/SAMKeychain.framework",
				"${TARGET_BUILD_DIR}/${FRAMEWORKS_FOLDER_PATH}/SDWebImage.framework",
				"${TARGET_BUILD_DIR}/${FRAMEWORKS_FOLDER_PATH}/SZTextView.framework",
				"${TARGET_BUILD_DIR}/${FRAMEWORKS_FOLDER_PATH}/TTTAttributedLabel.framework",
				"${TARGET_BUILD_DIR}/${FRAMEWORKS_FOLDER_PATH}/VIMediaCache.framework",
				"${TARGET_BUILD_DIR}/${FRAMEWORKS_FOLDER_PATH}/YAUIKit.framework",
				"${TARGET_BUILD_DIR}/${FRAMEWORKS_FOLDER_PATH}/YYCache.framework",
				"${TARGET_BUILD_DIR}/${FRAMEWORKS_FOLDER_PATH}/libextobjc.framework",
				"${TARGET_BUILD_DIR}/${FRAMEWORKS_FOLDER_PATH}/libwebp.framework",
				"${TARGET_BUILD_DIR}/${FRAMEWORKS_FOLDER_PATH}/Lottie.framework",
			);
			runOnlyForDeploymentPostprocessing = 0;
			shellPath = /bin/sh;
			shellScript = "\"${SRCROOT}/Pods/Target Support Files/Pods-Test1/Pods-Test1-frameworks.sh\"\n";
			showEnvVarsInLog = 0;
		};
/* End PBXShellScriptBuildPhase section */

/* Begin PBXSourcesBuildPhase section */
		71B12A211EE1063500622A2E /* Sources */ = {
			isa = PBXSourcesBuildPhase;
			buildActionMask = 2147483647;
			files = (
				715C51441F1C8DCF0049D1E9 /* TCommond.m in Sources */,
				71B12A301EE1063500622A2E /* ViewController.m in Sources */,
				7162AC8A1F0CB125006D3EA8 /* StringExtension.swift in Sources */,
				710DDFBA1F46B57800D52E6B /* URLEncode.swift in Sources */,
				713BC5EB1F2B2C5C001E4D10 /* TestBlockObject.m in Sources */,
				71B12A2D1EE1063500622A2E /* AppDelegate.m in Sources */,
				71B12A601EE1067000622A2E /* SubTestExtension.m in Sources */,
				71A6C6771EF1461900E13CA3 /* PresentingViewController.m in Sources */,
				71B12A2A1EE1063500622A2E /* main.m in Sources */,
				71B12A5D1EE1065C00622A2E /* TestExtension.m in Sources */,
				715C51461F1C8E730049D1E9 /* TestNullabilityViewController.swift in Sources */,
				7162AC8C1F0CB198006D3EA8 /* TestSwift.swift in Sources */,
			);
			runOnlyForDeploymentPostprocessing = 0;
		};
		71B12A3A1EE1063500622A2E /* Sources */ = {
			isa = PBXSourcesBuildPhase;
			buildActionMask = 2147483647;
			files = (
				71B12A431EE1063500622A2E /* Test1Tests.m in Sources */,
			);
			runOnlyForDeploymentPostprocessing = 0;
		};
		71B12A451EE1063500622A2E /* Sources */ = {
			isa = PBXSourcesBuildPhase;
			buildActionMask = 2147483647;
			files = (
				71B12A4E1EE1063500622A2E /* Test1UITests.m in Sources */,
			);
			runOnlyForDeploymentPostprocessing = 0;
		};
/* End PBXSourcesBuildPhase section */

/* Begin PBXTargetDependency section */
		71B12A401EE1063500622A2E /* PBXTargetDependency */ = {
			isa = PBXTargetDependency;
			target = 71B12A241EE1063500622A2E /* Test1 */;
			targetProxy = 71B12A3F1EE1063500622A2E /* PBXContainerItemProxy */;
		};
		71B12A4B1EE1063500622A2E /* PBXTargetDependency */ = {
			isa = PBXTargetDependency;
			target = 71B12A241EE1063500622A2E /* Test1 */;
			targetProxy = 71B12A4A1EE1063500622A2E /* PBXContainerItemProxy */;
		};
/* End PBXTargetDependency section */

/* Begin PBXVariantGroup section */
		71B12A311EE1063500622A2E /* Main.storyboard */ = {
			isa = PBXVariantGroup;
			children = (
				71B12A321EE1063500622A2E /* Base */,
			);
			name = Main.storyboard;
			sourceTree = "<group>";
		};
		71B12A361EE1063500622A2E /* LaunchScreen.storyboard */ = {
			isa = PBXVariantGroup;
			children = (
				71B12A371EE1063500622A2E /* Base */,
			);
			name = LaunchScreen.storyboard;
			sourceTree = "<group>";
		};
/* End PBXVariantGroup section */

/* Begin XCBuildConfiguration section */
		71B12A501EE1063500622A2E /* Debug */ = {
			isa = XCBuildConfiguration;
			buildSettings = {
				ALWAYS_SEARCH_USER_PATHS = NO;
				CLANG_ANALYZER_NONNULL = YES;
				CLANG_ANALYZER_NUMBER_OBJECT_CONVERSION = YES_AGGRESSIVE;
				CLANG_CXX_LANGUAGE_STANDARD = "gnu++0x";
				CLANG_CXX_LIBRARY = "libc++";
				CLANG_ENABLE_MODULES = YES;
				CLANG_ENABLE_OBJC_ARC = YES;
				CLANG_WARN_BOOL_CONVERSION = YES;
				CLANG_WARN_CONSTANT_CONVERSION = YES;
				CLANG_WARN_DIRECT_OBJC_ISA_USAGE = YES_ERROR;
				CLANG_WARN_DOCUMENTATION_COMMENTS = YES;
				CLANG_WARN_EMPTY_BODY = YES;
				CLANG_WARN_ENUM_CONVERSION = YES;
				CLANG_WARN_INFINITE_RECURSION = YES;
				CLANG_WARN_INT_CONVERSION = YES;
				CLANG_WARN_OBJC_ROOT_CLASS = YES_ERROR;
				CLANG_WARN_SUSPICIOUS_MOVE = YES;
				CLANG_WARN_UNREACHABLE_CODE = YES;
				CLANG_WARN__DUPLICATE_METHOD_MATCH = YES;
				"CODE_SIGN_IDENTITY[sdk=iphoneos*]" = "iPhone Developer";
				COPY_PHASE_STRIP = NO;
				DEBUG_INFORMATION_FORMAT = dwarf;
				ENABLE_STRICT_OBJC_MSGSEND = YES;
				ENABLE_TESTABILITY = YES;
				GCC_C_LANGUAGE_STANDARD = gnu99;
				GCC_DYNAMIC_NO_PIC = NO;
				GCC_NO_COMMON_BLOCKS = YES;
				GCC_OPTIMIZATION_LEVEL = 0;
				GCC_PREPROCESSOR_DEFINITIONS = (
					"DEBUG=1",
					"$(inherited)",
				);
				GCC_WARN_64_TO_32_BIT_CONVERSION = YES;
				GCC_WARN_ABOUT_RETURN_TYPE = YES_ERROR;
				GCC_WARN_UNDECLARED_SELECTOR = YES;
				GCC_WARN_UNINITIALIZED_AUTOS = YES_AGGRESSIVE;
				GCC_WARN_UNUSED_FUNCTION = YES;
				GCC_WARN_UNUSED_VARIABLE = YES;
				IPHONEOS_DEPLOYMENT_TARGET = 10.3;
				MTL_ENABLE_DEBUG_INFO = YES;
				ONLY_ACTIVE_ARCH = YES;
				SDKROOT = iphoneos;
			};
			name = Debug;
		};
		71B12A511EE1063500622A2E /* Release */ = {
			isa = XCBuildConfiguration;
			buildSettings = {
				ALWAYS_SEARCH_USER_PATHS = NO;
				CLANG_ANALYZER_NONNULL = YES;
				CLANG_ANALYZER_NUMBER_OBJECT_CONVERSION = YES_AGGRESSIVE;
				CLANG_CXX_LANGUAGE_STANDARD = "gnu++0x";
				CLANG_CXX_LIBRARY = "libc++";
				CLANG_ENABLE_MODULES = YES;
				CLANG_ENABLE_OBJC_ARC = YES;
				CLANG_WARN_BOOL_CONVERSION = YES;
				CLANG_WARN_CONSTANT_CONVERSION = YES;
				CLANG_WARN_DIRECT_OBJC_ISA_USAGE = YES_ERROR;
				CLANG_WARN_DOCUMENTATION_COMMENTS = YES;
				CLANG_WARN_EMPTY_BODY = YES;
				CLANG_WARN_ENUM_CONVERSION = YES;
				CLANG_WARN_INFINITE_RECURSION = YES;
				CLANG_WARN_INT_CONVERSION = YES;
				CLANG_WARN_OBJC_ROOT_CLASS = YES_ERROR;
				CLANG_WARN_SUSPICIOUS_MOVE = YES;
				CLANG_WARN_UNREACHABLE_CODE = YES;
				CLANG_WARN__DUPLICATE_METHOD_MATCH = YES;
				"CODE_SIGN_IDENTITY[sdk=iphoneos*]" = "iPhone Developer";
				COPY_PHASE_STRIP = NO;
				DEBUG_INFORMATION_FORMAT = "dwarf-with-dsym";
				ENABLE_NS_ASSERTIONS = NO;
				ENABLE_STRICT_OBJC_MSGSEND = YES;
				GCC_C_LANGUAGE_STANDARD = gnu99;
				GCC_NO_COMMON_BLOCKS = YES;
				GCC_WARN_64_TO_32_BIT_CONVERSION = YES;
				GCC_WARN_ABOUT_RETURN_TYPE = YES_ERROR;
				GCC_WARN_UNDECLARED_SELECTOR = YES;
				GCC_WARN_UNINITIALIZED_AUTOS = YES_AGGRESSIVE;
				GCC_WARN_UNUSED_FUNCTION = YES;
				GCC_WARN_UNUSED_VARIABLE = YES;
				IPHONEOS_DEPLOYMENT_TARGET = 10.3;
				MTL_ENABLE_DEBUG_INFO = NO;
				SDKROOT = iphoneos;
				VALIDATE_PRODUCT = YES;
			};
			name = Release;
		};
		71B12A531EE1063500622A2E /* Debug */ = {
			isa = XCBuildConfiguration;
			baseConfigurationReference = 2B196A6A4C883D8921DFB36F /* Pods-Test1.debug.xcconfig */;
			buildSettings = {
				ASSETCATALOG_COMPILER_APPICON_NAME = AppIcon;
				CLANG_ENABLE_MODULES = YES;
				"CODE_SIGN_IDENTITY[sdk=iphoneos*]" = "iPhone Developer";
				DEVELOPMENT_TEAM = 5DS6P2KWFQ;
				INFOPLIST_FILE = Test1/Info.plist;
				LD_RUNPATH_SEARCH_PATHS = "$(inherited) @executable_path/Frameworks";
				PRODUCT_BUNDLE_IDENTIFIER = huangduyu.Test1;
				PRODUCT_NAME = "$(TARGET_NAME)";
				PROVISIONING_PROFILE_SPECIFIER = "";
				SWIFT_OBJC_BRIDGING_HEADER = "Test1/Test1-Bridging-Header.h";
				SWIFT_OPTIMIZATION_LEVEL = "-Onone";
				SWIFT_VERSION = 3.0;
			};
			name = Debug;
		};
		71B12A541EE1063500622A2E /* Release */ = {
			isa = XCBuildConfiguration;
			baseConfigurationReference = 675C5B5673DC0EAD1F08A458 /* Pods-Test1.release.xcconfig */;
			buildSettings = {
				ASSETCATALOG_COMPILER_APPICON_NAME = AppIcon;
				CLANG_ENABLE_MODULES = YES;
				"CODE_SIGN_IDENTITY[sdk=iphoneos*]" = "iPhone Developer";
				DEVELOPMENT_TEAM = 5DS6P2KWFQ;
				INFOPLIST_FILE = Test1/Info.plist;
				LD_RUNPATH_SEARCH_PATHS = "$(inherited) @executable_path/Frameworks";
				PRODUCT_BUNDLE_IDENTIFIER = huangduyu.Test1;
				PRODUCT_NAME = "$(TARGET_NAME)";
				PROVISIONING_PROFILE_SPECIFIER = "";
				SWIFT_OBJC_BRIDGING_HEADER = "Test1/Test1-Bridging-Header.h";
				SWIFT_VERSION = 3.0;
			};
			name = Release;
		};
		71B12A561EE1063500622A2E /* Debug */ = {
			isa = XCBuildConfiguration;
			buildSettings = {
				ALWAYS_EMBED_SWIFT_STANDARD_LIBRARIES = YES;
				BUNDLE_LOADER = "$(TEST_HOST)";
				DEVELOPMENT_TEAM = V92MEYS6M8;
				INFOPLIST_FILE = Test1Tests/Info.plist;
				LD_RUNPATH_SEARCH_PATHS = "$(inherited) @executable_path/Frameworks @loader_path/Frameworks";
				PRODUCT_BUNDLE_IDENTIFIER = huangduyu.Test1Tests;
				PRODUCT_NAME = "$(TARGET_NAME)";
				TEST_HOST = "$(BUILT_PRODUCTS_DIR)/Test1.app/Test1";
			};
			name = Debug;
		};
		71B12A571EE1063500622A2E /* Release */ = {
			isa = XCBuildConfiguration;
			buildSettings = {
				ALWAYS_EMBED_SWIFT_STANDARD_LIBRARIES = YES;
				BUNDLE_LOADER = "$(TEST_HOST)";
				DEVELOPMENT_TEAM = V92MEYS6M8;
				INFOPLIST_FILE = Test1Tests/Info.plist;
				LD_RUNPATH_SEARCH_PATHS = "$(inherited) @executable_path/Frameworks @loader_path/Frameworks";
				PRODUCT_BUNDLE_IDENTIFIER = huangduyu.Test1Tests;
				PRODUCT_NAME = "$(TARGET_NAME)";
				TEST_HOST = "$(BUILT_PRODUCTS_DIR)/Test1.app/Test1";
			};
			name = Release;
		};
		71B12A591EE1063500622A2E /* Debug */ = {
			isa = XCBuildConfiguration;
			buildSettings = {
				ALWAYS_EMBED_SWIFT_STANDARD_LIBRARIES = YES;
				DEVELOPMENT_TEAM = V92MEYS6M8;
				INFOPLIST_FILE = Test1UITests/Info.plist;
				LD_RUNPATH_SEARCH_PATHS = "$(inherited) @executable_path/Frameworks @loader_path/Frameworks";
				PRODUCT_BUNDLE_IDENTIFIER = huangduyu.Test1UITests;
				PRODUCT_NAME = "$(TARGET_NAME)";
				TEST_TARGET_NAME = Test1;
			};
			name = Debug;
		};
		71B12A5A1EE1063500622A2E /* Release */ = {
			isa = XCBuildConfiguration;
			buildSettings = {
				ALWAYS_EMBED_SWIFT_STANDARD_LIBRARIES = YES;
				DEVELOPMENT_TEAM = V92MEYS6M8;
				INFOPLIST_FILE = Test1UITests/Info.plist;
				LD_RUNPATH_SEARCH_PATHS = "$(inherited) @executable_path/Frameworks @loader_path/Frameworks";
				PRODUCT_BUNDLE_IDENTIFIER = huangduyu.Test1UITests;
				PRODUCT_NAME = "$(TARGET_NAME)";
				TEST_TARGET_NAME = Test1;
			};
			name = Release;
		};
/* End XCBuildConfiguration section */

/* Begin XCConfigurationList section */
		71B12A201EE1063500622A2E /* Build configuration list for PBXProject "Test1" */ = {
			isa = XCConfigurationList;
			buildConfigurations = (
				71B12A501EE1063500622A2E /* Debug */,
				71B12A511EE1063500622A2E /* Release */,
			);
			defaultConfigurationIsVisible = 0;
			defaultConfigurationName = Release;
		};
		71B12A521EE1063500622A2E /* Build configuration list for PBXNativeTarget "Test1" */ = {
			isa = XCConfigurationList;
			buildConfigurations = (
				71B12A531EE1063500622A2E /* Debug */,
				71B12A541EE1063500622A2E /* Release */,
			);
			defaultConfigurationIsVisible = 0;
			defaultConfigurationName = Release;
		};
		71B12A551EE1063500622A2E /* Build configuration list for PBXNativeTarget "Test1Tests" */ = {
			isa = XCConfigurationList;
			buildConfigurations = (
				71B12A561EE1063500622A2E /* Debug */,
				71B12A571EE1063500622A2E /* Release */,
			);
			defaultConfigurationIsVisible = 0;
			defaultConfigurationName = Release;
		};
		71B12A581EE1063500622A2E /* Build configuration list for PBXNativeTarget "Test1UITests" */ = {
			isa = XCConfigurationList;
			buildConfigurations = (
				71B12A591EE1063500622A2E /* Debug */,
				71B12A5A1EE1063500622A2E /* Release */,
			);
			defaultConfigurationIsVisible = 0;
			defaultConfigurationName = Release;
		};
/* End XCConfigurationList section */
	};
	rootObject = 71B12A1D1EE1063500622A2E /* Project object */;
}
